{
  "pins" : [
    {
      "identity" : "iqkeyboardmanager",
      "kind" : "remoteSourceControl",
      "location" : "https://github.com/hackiftekhar/IQKeyboardManager.git",
      "state" : {
        "revision" : "1e442766a41e2948df25559eb03ab752c6d3aad0",
        "version" : "6.5.0"
      }
    },
    {
      "identity" : "kingfisher",
      "kind" : "remoteSourceControl",
      "location" : "https://github.com/onevcat/Kingfisher.git",
      "state" : {
        "revision" : "2235a22ca249199cb736237f4bb9cc12b6ed416a",
        "version" : "7.3.0"
      }
    }
  ],
  "version" : 2
}
